{"filter":false,"title":"Gemfile.lock","tooltip":"/Gemfile.lock","ace":{"folds":[],"scrolltop":0,"scrollleft":0,"selection":{"start":{"row":0,"column":0},"end":{"row":0,"column":0},"isBackwards":false},"options":{"guessTabSize":true,"useWrapMode":false,"wrapToView":true},"firstLineState":{"row":1,"state":"start","mode":"ace/mode/text"}},"hash":"40f221c2cecd42e93235fb44354d4dda043b26cb","undoManager":{"mark":0,"position":-1,"stack":[]},"timestamp":1426963120000}